// !$*UTF8*$!
{
	archiveVersion = 1;
	classes = {
	};
	objectVersion = 46;
	objects = {

/* Begin PBXBuildFile section */
		70890C32E28E26B69389D1F2 /* Pods_FirebaseApp.framework in Frameworks */ = {isa = PBXBuildFile; fileRef = 5F8FFAD1B802126A8961D36B /* Pods_FirebaseApp.framework */; };
		FDA957E31D12542900FABFA7 /* Assets in Resources */ = {isa = PBXBuildFile; fileRef = FDA957D71D12542900FABFA7 /* Assets */; };
		FDA957E41D12542900FABFA7 /* AppDelegate.swift in Sources */ = {isa = PBXBuildFile; fileRef = FDA957D81D12542900FABFA7 /* AppDelegate.swift */; };
		FDA957E51D12542900FABFA7 /* ViewController.swift in Sources */ = {isa = PBXBuildFile; fileRef = FDA957D91D12542900FABFA7 /* ViewController.swift */; };
		FDA957E61D12542900FABFA7 /* Charter.swift in Sources */ = {isa = PBXBuildFile; fileRef = FDA957DA1D12542900FABFA7 /* Charter.swift */; };
		FDA957E71D12542900FABFA7 /* ChaterExample.txt in Resources */ = {isa = PBXBuildFile; fileRef = FDA957DB1D12542900FABFA7 /* ChaterExample.txt */; };
		FDA957E81D12542900FABFA7 /* Main.storyboard in Resources */ = {isa = PBXBuildFile; fileRef = FDA957DC1D12542900FABFA7 /* Main.storyboard */; };
		FDA957E91D12542900FABFA7 /* Assets.xcassets in Resources */ = {isa = PBXBuildFile; fileRef = FDA957DD1D12542900FABFA7 /* Assets.xcassets */; };
		FDA957EA1D12542900FABFA7 /* LaunchScreen.storyboard in Resources */ = {isa = PBXBuildFile; fileRef = FDA957DE1D12542900FABFA7 /* LaunchScreen.storyboard */; };
		FDA957EB1D12542900FABFA7 /* hello.mp3 in Resources */ = {isa = PBXBuildFile; fileRef = FDA957DF1D12542900FABFA7 /* hello.mp3 */; };
		FDA957ED1D12542900FABFA7 /* GoogleService-Info.plist in Resources */ = {isa = PBXBuildFile; fileRef = FDA957E11D12542900FABFA7 /* GoogleService-Info.plist */; };
		FDA957EE1D12542900FABFA7 /* sherry.m4v in Resources */ = {isa = PBXBuildFile; fileRef = FDA957E21D12542900FABFA7 /* sherry.m4v */; };
		FDA957F11D1254B000FABFA7 /* Info.plist in Resources */ = {isa = PBXBuildFile; fileRef = FDA957F01D1254B000FABFA7 /* Info.plist */; };
/* End PBXBuildFile section */

/* Begin PBXFileReference section */
		5F8FFAD1B802126A8961D36B /* Pods_FirebaseApp.framework */ = {isa = PBXFileReference; explicitFileType = wrapper.framework; includeInIndex = 0; path = Pods_FirebaseApp.framework; sourceTree = BUILT_PRODUCTS_DIR; };
		F601853C8EE9A239B671EA64 /* Pods-FirebaseApp.debug.xcconfig */ = {isa = PBXFileReference; includeInIndex = 1; lastKnownFileType = text.xcconfig; name = "Pods-FirebaseApp.debug.xcconfig"; path = "Pods/Target Support Files/Pods-FirebaseApp/Pods-FirebaseApp.debug.xcconfig"; sourceTree = "<group>"; };
		FDA957C21D1251CE00FABFA7 /* FirebaseApp.app */ = {isa = PBXFileReference; explicitFileType = wrapper.application; includeInIndex = 0; path = FirebaseApp.app; sourceTree = BUILT_PRODUCTS_DIR; };
		FDA957D71D12542900FABFA7 /* Assets */ = {isa = PBXFileReference; lastKnownFileType = folder; name = Assets; path = ../Assets; sourceTree = "<group>"; };
		FDA957D81D12542900FABFA7 /* AppDelegate.swift */ = {isa = PBXFileReference; fileEncoding = 4; lastKnownFileType = sourcecode.swift; name = AppDelegate.swift; path = ../AppDelegate.swift; sourceTree = "<group>"; };
		FDA957D91D12542900FABFA7 /* ViewController.swift */ = {isa = PBXFileReference; fileEncoding = 4; lastKnownFileType = sourcecode.swift; name = ViewController.swift; path = ../ViewController.swift; sourceTree = "<group>"; };
		FDA957DA1D12542900FABFA7 /* Charter.swift */ = {isa = PBXFileReference; fileEncoding = 4; lastKnownFileType = sourcecode.swift; name = Charter.swift; path = ../Charter.swift; sourceTree = "<group>"; };
		FDA957DB1D12542900FABFA7 /* ChaterExample.txt */ = {isa = PBXFileReference; fileEncoding = 4; lastKnownFileType = text; name = ChaterExample.txt; path = ../ChaterExample.txt; sourceTree = "<group>"; };
		FDA957DC1D12542900FABFA7 /* Main.storyboard */ = {isa = PBXFileReference; fileEncoding = 4; lastKnownFileType = file.storyboard; name = Main.storyboard; path = ../Main.storyboard; sourceTree = "<group>"; };
		FDA957DD1D12542900FABFA7 /* Assets.xcassets */ = {isa = PBXFileReference; lastKnownFileType = folder.assetcatalog; name = Assets.xcassets; path = ../Assets.xcassets; sourceTree = "<group>"; };
		FDA957DE1D12542900FABFA7 /* LaunchScreen.storyboard */ = {isa = PBXFileReference; fileEncoding = 4; lastKnownFileType = file.storyboard; name = LaunchScreen.storyboard; path = ../LaunchScreen.storyboard; sourceTree = "<group>"; };
		FDA957DF1D12542900FABFA7 /* hello.mp3 */ = {isa = PBXFileReference; lastKnownFileType = audio.mp3; name = hello.mp3; path = ../hello.mp3; sourceTree = "<group>"; };
		FDA957E11D12542900FABFA7 /* GoogleService-Info.plist */ = {isa = PBXFileReference; fileEncoding = 4; lastKnownFileType = text.plist.xml; name = "GoogleService-Info.plist"; path = "../GoogleService-Info.plist"; sourceTree = "<group>"; };
		FDA957E21D12542900FABFA7 /* sherry.m4v */ = {isa = PBXFileReference; lastKnownFileType = file; name = sherry.m4v; path = ../sherry.m4v; sourceTree = "<group>"; };
		FDA957F01D1254B000FABFA7 /* Info.plist */ = {isa = PBXFileReference; fileEncoding = 4; lastKnownFileType = text.plist.xml; path = Info.plist; sourceTree = "<group>"; };
		FF6DE82204B4C3CB514F7C49 /* Pods-FirebaseApp.release.xcconfig */ = {isa = PBXFileReference; includeInIndex = 1; lastKnownFileType = text.xcconfig; name = "Pods-FirebaseApp.release.xcconfig"; path = "Pods/Target Support Files/Pods-FirebaseApp/Pods-FirebaseApp.release.xcconfig"; sourceTree = "<group>"; };
/* End PBXFileReference section */

/* Begin PBXFrameworksBuildPhase section */
		FDA957BF1D1251CE00FABFA7 /* Frameworks */ = {
			isa = PBXFrameworksBuildPhase;
			buildActionMask = 2147483647;
			files = (
				70890C32E28E26B69389D1F2 /* Pods_FirebaseApp.framework in Frameworks */,
			);
			runOnlyForDeploymentPostprocessing = 0;
		};
/* End PBXFrameworksBuildPhase section */

/* Begin PBXGroup section */
		696D3017C177FF9B9E1B21EF /* Pods */ = {
			isa = PBXGroup;
			children = (
				F601853C8EE9A239B671EA64 /* Pods-FirebaseApp.debug.xcconfig */,
				FF6DE82204B4C3CB514F7C49 /* Pods-FirebaseApp.release.xcconfig */,
			);
			name = Pods;
			sourceTree = "<group>";
		};
		D2E0B0123849DCE8AF524DB4 /* Frameworks */ = {
			isa = PBXGroup;
			children = (
				5F8FFAD1B802126A8961D36B /* Pods_FirebaseApp.framework */,
			);
			name = Frameworks;
			sourceTree = "<group>";
		};
		FDA957B91D1251CE00FABFA7 = {
			isa = PBXGroup;
			children = (
				FDA957C41D1251CE00FABFA7 /* FirebaseApp */,
				FDA957C31D1251CE00FABFA7 /* Products */,
				696D3017C177FF9B9E1B21EF /* Pods */,
				D2E0B0123849DCE8AF524DB4 /* Frameworks */,
			);
			sourceTree = "<group>";
		};
		FDA957C31D1251CE00FABFA7 /* Products */ = {
			isa = PBXGroup;
			children = (
				FDA957C21D1251CE00FABFA7 /* FirebaseApp.app */,
			);
			name = Products;
			sourceTree = "<group>";
		};
		FDA957C41D1251CE00FABFA7 /* FirebaseApp */ = {
			isa = PBXGroup;
			children = (
				FDA957D71D12542900FABFA7 /* Assets */,
				FDA957D81D12542900FABFA7 /* AppDelegate.swift */,
				FDA957D91D12542900FABFA7 /* ViewController.swift */,
				FDA957DA1D12542900FABFA7 /* Charter.swift */,
				FDA957DB1D12542900FABFA7 /* ChaterExample.txt */,
				FDA957DC1D12542900FABFA7 /* Main.storyboard */,
				FDA957DD1D12542900FABFA7 /* Assets.xcassets */,
				FDA957DE1D12542900FABFA7 /* LaunchScreen.storyboard */,
				FDA957DF1D12542900FABFA7 /* hello.mp3 */,
				FDA957F01D1254B000FABFA7 /* Info.plist */,
				FDA957E11D12542900FABFA7 /* GoogleService-Info.plist */,
				FDA957E21D12542900FABFA7 /* sherry.m4v */,
			);
			path = FirebaseApp;
			sourceTree = "<group>";
		};
/* End PBXGroup section */

/* Begin PBXNativeTarget section */
		FDA957C11D1251CE00FABFA7 /* FirebaseApp */ = {
			isa = PBXNativeTarget;
			buildConfigurationList = FDA957D41D1251CE00FABFA7 /* Build configuration list for PBXNativeTarget "FirebaseApp" */;
			buildPhases = (
				56BA1FA30B6AF5B397DA4EAB /* 📦 Check Pods Manifest.lock */,
				FDA957BE1D1251CE00FABFA7 /* Sources */,
				FDA957BF1D1251CE00FABFA7 /* Frameworks */,
				FDA957C01D1251CE00FABFA7 /* Resources */,
				D07BF60652BA7FBA3BEB041D /* 📦 Embed Pods Frameworks */,
				E6C59458B652E2B46ED914DE /* 📦 Copy Pods Resources */,
			);
			buildRules = (
			);
			dependencies = (
			);
			name = FirebaseApp;
			productName = FirebaseApp;
			productReference = FDA957C21D1251CE00FABFA7 /* FirebaseApp.app */;
			productType = "com.apple.product-type.application";
		};
/* End PBXNativeTarget section */

/* Begin PBXProject section */
		FDA957BA1D1251CE00FABFA7 /* Project object */ = {
			isa = PBXProject;
			attributes = {
				LastSwiftUpdateCheck = 0800;
				LastUpgradeCheck = 0800;
				ORGANIZATIONNAME = "Zhenyang Zhong";
				TargetAttributes = {
					FDA957C11D1251CE00FABFA7 = {
						CreatedOnToolsVersion = 8.0;
						DevelopmentTeam = BQJG9S336S;
						DevelopmentTeamName = "Zhenyang Zhong (Personal Team)";
						LastSwiftMigration = 0800;
						ProvisioningStyle = Automatic;
					};
				};
			};
			buildConfigurationList = FDA957BD1D1251CE00FABFA7 /* Build configuration list for PBXProject "FirebaseApp" */;
			compatibilityVersion = "Xcode 3.2";
			developmentRegion = English;
			hasScannedForEncodings = 0;
			knownRegions = (
				en,
				Base,
			);
			mainGroup = FDA957B91D1251CE00FABFA7;
			productRefGroup = FDA957C31D1251CE00FABFA7 /* Products */;
			projectDirPath = "";
			projectRoot = "";
			targets = (
				FDA957C11D1251CE00FABFA7 /* FirebaseApp */,
			);
		};
/* End PBXProject section */

/* Begin PBXResourcesBuildPhase section */
		FDA957C01D1251CE00FABFA7 /* Resources */ = {
			isa = PBXResourcesBuildPhase;
			buildActionMask = 2147483647;
			files = (
				FDA957E81D12542900FABFA7 /* Main.storyboard in Resources */,
				FDA957ED1D12542900FABFA7 /* GoogleService-Info.plist in Resources */,
				FDA957EE1D12542900FABFA7 /* sherry.m4v in Resources */,
				FDA957EB1D12542900FABFA7 /* hello.mp3 in Resources */,
				FDA957E71D12542900FABFA7 /* ChaterExample.txt in Resources */,
				FDA957E91D12542900FABFA7 /* Assets.xcassets in Resources */,
				FDA957EA1D12542900FABFA7 /* LaunchScreen.storyboard in Resources */,
				FDA957E31D12542900FABFA7 /* Assets in Resources */,
				FDA957F11D1254B000FABFA7 /* Info.plist in Resources */,
			);
			runOnlyForDeploymentPostprocessing = 0;
		};
/* End PBXResourcesBuildPhase section */

/* Begin PBXShellScriptBuildPhase section */
		56BA1FA30B6AF5B397DA4EAB /* 📦 Check Pods Manifest.lock */ = {
			isa = PBXShellScriptBuildPhase;
			buildActionMask = 2147483647;
			files = (
			);
			inputPaths = (
			);
			name = "📦 Check Pods Manifest.lock";
			outputPaths = (
			);
			runOnlyForDeploymentPostprocessing = 0;
			shellPath = /bin/sh;
			shellScript = "diff \"${PODS_ROOT}/../Podfile.lock\" \"${PODS_ROOT}/Manifest.lock\" > /dev/null\nif [[ $? != 0 ]] ; then\n    cat << EOM\nerror: The sandbox is not in sync with the Podfile.lock. Run 'pod install' or update your CocoaPods installation.\nEOM\n    exit 1\nfi\n";
			showEnvVarsInLog = 0;
		};
		D07BF60652BA7FBA3BEB041D /* 📦 Embed Pods Frameworks */ = {
			isa = PBXShellScriptBuildPhase;
			buildActionMask = 2147483647;
			files = (
			);
			inputPaths = (
			);
			name = "📦 Embed Pods Frameworks";
			outputPaths = (
			);
			runOnlyForDeploymentPostprocessing = 0;
			shellPath = /bin/sh;
			shellScript = "\"${SRCROOT}/Pods/Target Support Files/Pods-FirebaseApp/Pods-FirebaseApp-frameworks.sh\"\n";
			showEnvVarsInLog = 0;
		};
		E6C59458B652E2B46ED914DE /* 📦 Copy Pods Resources */ = {
			isa = PBXShellScriptBuildPhase;
			buildActionMask = 2147483647;
			files = (
			);
			inputPaths = (
			);
			name = "📦 Copy Pods Resources";
			outputPaths = (
			);
			runOnlyForDeploymentPostprocessing = 0;
			shellPath = /bin/sh;
			shellScript = "\"${SRCROOT}/Pods/Target Support Files/Pods-FirebaseApp/Pods-FirebaseApp-resources.sh\"\n";
			showEnvVarsInLog = 0;
		};
/* End PBXShellScriptBuildPhase section */

/* Begin PBXSourcesBuildPhase section */
		FDA957BE1D1251CE00FABFA7 /* Sources */ = {
			isa = PBXSourcesBuildPhase;
			buildActionMask = 2147483647;
			files = (
				FDA957E51D12542900FABFA7 /* ViewController.swift in Sources */,
				FDA957E61D12542900FABFA7 /* Charter.swift in Sources */,
				FDA957E41D12542900FABFA7 /* AppDelegate.swift in Sources */,
			);
			runOnlyForDeploymentPostprocessing = 0;
		};
/* End PBXSourcesBuildPhase section */

/* Begin XCBuildConfiguration section */
		FDA957D21D1251CE00FABFA7 /* Debug */ = {
			isa = XCBuildConfiguration;
			buildSettings = {
				ALWAYS_SEARCH_USER_PATHS = NO;
				CLANG_ANALYZER_NONNULL = YES;
				CLANG_CXX_LANGUAGE_STANDARD = "gnu++0x";
				CLANG_CXX_LIBRARY = "libc++";
				CLANG_ENABLE_MODULES = YES;
				CLANG_ENABLE_OBJC_ARC = YES;
				CLANG_WARN_BOOL_CONVERSION = YES;
				CLANG_WARN_CONSTANT_CONVERSION = YES;
				CLANG_WARN_DIRECT_OBJC_ISA_USAGE = YES_ERROR;
				CLANG_WARN_DOCUMENTATION_COMMENTS = YES;
				CLANG_WARN_EMPTY_BODY = YES;
				CLANG_WARN_ENUM_CONVERSION = YES;
				CLANG_WARN_INT_CONVERSION = YES;
				CLANG_WARN_OBJC_ROOT_CLASS = YES_ERROR;
				CLANG_WARN_UNREACHABLE_CODE = YES;
				CLANG_WARN__DUPLICATE_METHOD_MATCH = YES;
				"CODE_SIGN_IDENTITY[sdk=iphoneos*]" = "iPhone Developer";
				COPY_PHASE_STRIP = NO;
				DEBUG_INFORMATION_FORMAT = dwarf;
				ENABLE_STRICT_OBJC_MSGSEND = YES;
				ENABLE_TESTABILITY = YES;
				GCC_C_LANGUAGE_STANDARD = gnu99;
				GCC_DYNAMIC_NO_PIC = NO;
				GCC_NO_COMMON_BLOCKS = YES;
				GCC_OPTIMIZATION_LEVEL = 0;
				GCC_PREPROCESSOR_DEFINITIONS = (
					"DEBUG=1",
					"$(inherited)",
				);
				GCC_WARN_64_TO_32_BIT_CONVERSION = YES;
				GCC_WARN_ABOUT_RETURN_TYPE = YES_ERROR;
				GCC_WARN_UNDECLARED_SELECTOR = YES;
				GCC_WARN_UNINITIALIZED_AUTOS = YES_AGGRESSIVE;
				GCC_WARN_UNUSED_FUNCTION = YES;
				GCC_WARN_UNUSED_VARIABLE = YES;
				IPHONEOS_DEPLOYMENT_TARGET = 10.0;
				MTL_ENABLE_DEBUG_INFO = YES;
				ONLY_ACTIVE_ARCH = YES;
				SDKROOT = iphoneos;
				SWIFT_ACTIVE_COMPILATION_CONDITIONS = DEBUG;
				SWIFT_OPTIMIZATION_LEVEL = "-Onone";
			};
			name = Debug;
		};
		FDA957D31D1251CE00FABFA7 /* Release */ = {
			isa = XCBuildConfiguration;
			buildSettings = {
				ALWAYS_SEARCH_USER_PATHS = NO;
				CLANG_ANALYZER_NONNULL = YES;
				CLANG_CXX_LANGUAGE_STANDARD = "gnu++0x";
				CLANG_CXX_LIBRARY = "libc++";
				CLANG_ENABLE_MODULES = YES;
				CLANG_ENABLE_OBJC_ARC = YES;
				CLANG_WARN_BOOL_CONVERSION = YES;
				CLANG_WARN_CONSTANT_CONVERSION = YES;
				CLANG_WARN_DIRECT_OBJC_ISA_USAGE = YES_ERROR;
				CLANG_WARN_DOCUMENTATION_COMMENTS = YES;
				CLANG_WARN_EMPTY_BODY = YES;
				CLANG_WARN_ENUM_CONVERSION = YES;
				CLANG_WARN_INT_CONVERSION = YES;
				CLANG_WARN_OBJC_ROOT_CLASS = YES_ERROR;
				CLANG_WARN_UNREACHABLE_CODE = YES;
				CLANG_WARN__DUPLICATE_METHOD_MATCH = YES;
				"CODE_SIGN_IDENTITY[sdk=iphoneos*]" = "iPhone Developer";
				COPY_PHASE_STRIP = NO;
				DEBUG_INFORMATION_FORMAT = "dwarf-with-dsym";
				ENABLE_NS_ASSERTIONS = NO;
				ENABLE_STRICT_OBJC_MSGSEND = YES;
				GCC_C_LANGUAGE_STANDARD = gnu99;
				GCC_NO_COMMON_BLOCKS = YES;
				GCC_WARN_64_TO_32_BIT_CONVERSION = YES;
				GCC_WARN_ABOUT_RETURN_TYPE = YES_ERROR;
				GCC_WARN_UNDECLARED_SELECTOR = YES;
				GCC_WARN_UNINITIALIZED_AUTOS = YES_AGGRESSIVE;
				GCC_WARN_UNUSED_FUNCTION = YES;
				GCC_WARN_UNUSED_VARIABLE = YES;
				IPHONEOS_DEPLOYMENT_TARGET = 10.0;
				MTL_ENABLE_DEBUG_INFO = NO;
				SDKROOT = iphoneos;
				SWIFT_OPTIMIZATION_LEVEL = "-Owholemodule";
				VALIDATE_PRODUCT = YES;
			};
			name = Release;
		};
		FDA957D51D1251CE00FABFA7 /* Debug */ = {
			isa = XCBuildConfiguration;
			baseConfigurationReference = F601853C8EE9A239B671EA64 /* Pods-FirebaseApp.debug.xcconfig */;
			buildSettings = {
				ASSETCATALOG_COMPILER_APPICON_NAME = AppIcon;
				CLANG_ENABLE_MODULES = YES;
				INFOPLIST_FILE = FirebaseApp/Info.plist;
				LD_RUNPATH_SEARCH_PATHS = "$(inherited) @executable_path/Frameworks";
				PRODUCT_BUNDLE_IDENTIFIER = owen.FirebaseApp;
				PRODUCT_NAME = "$(TARGET_NAME)";
				SWIFT_OPTIMIZATION_LEVEL = "-Onone";
				SWIFT_VERSION = 3.0;
			};
			name = Debug;
		};
		FDA957D61D1251CE00FABFA7 /* Release */ = {
			isa = XCBuildConfiguration;
			baseConfigurationReference = FF6DE82204B4C3CB514F7C49 /* Pods-FirebaseApp.release.xcconfig */;
			buildSettings = {
				ASSETCATALOG_COMPILER_APPICON_NAME = AppIcon;
				CLANG_ENABLE_MODULES = YES;
				INFOPLIST_FILE = FirebaseApp/Info.plist;
				LD_RUNPATH_SEARCH_PATHS = "$(inherited) @executable_path/Frameworks";
				PRODUCT_BUNDLE_IDENTIFIER = owen.FirebaseApp;
				PRODUCT_NAME = "$(TARGET_NAME)";
				SWIFT_VERSION = 3.0;
			};
			name = Release;
		};
/* End XCBuildConfiguration section */

/* Begin XCConfigurationList section */
		FDA957BD1D1251CE00FABFA7 /* Build configuration list for PBXProject "FirebaseApp" */ = {
			isa = XCConfigurationList;
			buildConfigurations = (
				FDA957D21D1251CE00FABFA7 /* Debug */,
				FDA957D31D1251CE00FABFA7 /* Release */,
			);
			defaultConfigurationIsVisible = 0;
			defaultConfigurationName = Release;
		};
		FDA957D41D1251CE00FABFA7 /* Build configuration list for PBXNativeTarget "FirebaseApp" */ = {
			isa = XCConfigurationList;
			buildConfigurations = (
				FDA957D51D1251CE00FABFA7 /* Debug */,
				FDA957D61D1251CE00FABFA7 /* Release */,
			);
			defaultConfigurationIsVisible = 0;
			defaultConfigurationName = Release;
		};
/* End XCConfigurationList section */
	};
	rootObject = FDA957BA1D1251CE00FABFA7 /* Project object */;
}
